
Microsoft Visual Studio Solution File, Format Version 12.00
# SQL Server Management Studio Version 21
VisualStudioVersion = 17.11.35327.3
MinimumVisualStudioVersion = 10.0.40219.1
Project("{FAE04EC0-301F-11D3-BF4B-00C04F79EFBC}") = "RIMS", "RIMS.csproj", "{5D2C5483-3144-4AE7-8DF8-F2E255282256}"
EndProject
Global
	GlobalSection(SolutionConfigurationPlatforms) = preSolution
		Debug|Any CPU = Debug|Any CPU
		Default|Any CPU = Default|Any CPU
		Release|Any CPU = Release|Any CPU
	EndGlobalSection
	GlobalSection(ProjectConfigurationPlatforms) = postSolution
		{5D2C5483-3144-4AE7-8DF8-F2E255282256}.Debug|Any CPU.ActiveCfg = Debug|Any CPU
		{5D2C5483-3144-4AE7-8DF8-F2E255282256}.Debug|Any CPU.Build.0 = Debug|Any CPU
		{5D2C5483-3144-4AE7-8DF8-F2E255282256}.Default|Any CPU.ActiveCfg = Release|Any CPU
		{5D2C5483-3144-4AE7-8DF8-F2E255282256}.Release|Any CPU.ActiveCfg = Release|Any CPU
		{5D2C5483-3144-4AE7-8DF8-F2E255282256}.Release|Any CPU.Build.0 = Release|Any CPU
		{3D0E13D8-576C-40B8-ADE5-5F41C8E11D07}.Debug|Any CPU.ActiveCfg = Default
		{3D0E13D8-576C-40B8-ADE5-5F41C8E11D07}.Default|Any CPU.ActiveCfg = Default
		{3D0E13D8-576C-40B8-ADE5-5F41C8E11D07}.Release|Any CPU.ActiveCfg = Default
	EndGlobalSection
	GlobalSection(SolutionProperties) = preSolution
		HideSolutionNode = FALSE
	EndGlobalSection
	GlobalSection(ExtensibilityGlobals) = postSolution
		SolutionGuid = {FA93FEEB-FD32-451C-83F0-75FE3A833435}
	EndGlobalSection
EndGlobal
